
Microsoft Visual Studio Solution File, Format Version 12.00
# Visual Studio Version 17
VisualStudioVersion = 17.8.34525.116
MinimumVisualStudioVersion = 10.0.40219.1
Project("{FAE04EC0-301F-11D3-BF4B-00C04F79EFBC}") = "ConsoleAppBancoProva231098-231024", "ConsoleAppBancoProva231098-231024\ConsoleAppBancoProva231098-231024.csproj", "{030A459A-591E-495E-AAF5-1C0B601CAE0B}"
EndProject
Global
	GlobalSection(SolutionConfigurationPlatforms) = preSolution
		Debug|Any CPU = Debug|Any CPU
		Release|Any CPU = Release|Any CPU
	EndGlobalSection
	GlobalSection(ProjectConfigurationPlatforms) = postSolution
		{030A459A-591E-495E-AAF5-1C0B601CAE0B}.Debug|Any CPU.ActiveCfg = Debug|Any CPU
		{030A459A-591E-495E-AAF5-1C0B601CAE0B}.Debug|Any CPU.Build.0 = Debug|Any CPU
		{030A459A-591E-495E-AAF5-1C0B601CAE0B}.Release|Any CPU.ActiveCfg = Release|Any CPU
		{030A459A-591E-495E-AAF5-1C0B601CAE0B}.Release|Any CPU.Build.0 = Release|Any CPU
	EndGlobalSection
	GlobalSection(SolutionProperties) = preSolution
		HideSolutionNode = FALSE
	EndGlobalSection
	GlobalSection(ExtensibilityGlobals) = postSolution
		SolutionGuid = {CFFC2521-FA1A-4D8C-8953-A17FC7DD8868}
	EndGlobalSection
EndGlobal
